
Microsoft Visual Studio Solution File, Format Version 12.00
# Visual Studio Version 17
VisualStudioVersion = 17.14.36212.18
MinimumVisualStudioVersion = 10.0.40219.1
Project("{FAE04EC0-301F-11D3-BF4B-00C04F79EFBC}") = "SqlQueryHelper", "SqlQueryHelper\SqlQueryHelper.csproj", "{70E06975-D243-4CBE-9F5B-1FD7B3B86487}"
EndProject
Project("{FAE04EC0-301F-11D3-BF4B-00C04F79EFBC}") = "SqlQueryHelper.Tests", "SqlQueryHelper.Tests\SqlQueryHelper.Tests.csproj", "{5ABBA395-1B9A-454E-BDE6-55330A57E447}"
EndProject
Project("{FAE04EC0-301F-11D3-BF4B-00C04F79EFBC}") = "SqlQueryHelper.Microsoft.EntityFrameworkCore.SqlServer", "SqlQueryHelper.Microsoft.EntityFrameworkCore.SqlServer\SqlQueryHelper.Microsoft.EntityFrameworkCore.SqlServer.csproj", "{A02BB3F0-6F62-F11B-5220-C8212C3362F7}"
EndProject
Global
	GlobalSection(SolutionConfigurationPlatforms) = preSolution
		Debug|Any CPU = Debug|Any CPU
		Release|Any CPU = Release|Any CPU
	EndGlobalSection
	GlobalSection(ProjectConfigurationPlatforms) = postSolution
		{70E06975-D243-4CBE-9F5B-1FD7B3B86487}.Debug|Any CPU.ActiveCfg = Debug|Any CPU
		{70E06975-D243-4CBE-9F5B-1FD7B3B86487}.Debug|Any CPU.Build.0 = Debug|Any CPU
		{70E06975-D243-4CBE-9F5B-1FD7B3B86487}.Release|Any CPU.ActiveCfg = Release|Any CPU
		{70E06975-D243-4CBE-9F5B-1FD7B3B86487}.Release|Any CPU.Build.0 = Release|Any CPU
		{5ABBA395-1B9A-454E-BDE6-55330A57E447}.Debug|Any CPU.ActiveCfg = Debug|Any CPU
		{5ABBA395-1B9A-454E-BDE6-55330A57E447}.Debug|Any CPU.Build.0 = Debug|Any CPU
		{5ABBA395-1B9A-454E-BDE6-55330A57E447}.Release|Any CPU.ActiveCfg = Release|Any CPU
		{5ABBA395-1B9A-454E-BDE6-55330A57E447}.Release|Any CPU.Build.0 = Release|Any CPU
		{A02BB3F0-6F62-F11B-5220-C8212C3362F7}.Debug|Any CPU.ActiveCfg = Debug|Any CPU
		{A02BB3F0-6F62-F11B-5220-C8212C3362F7}.Debug|Any CPU.Build.0 = Debug|Any CPU
		{A02BB3F0-6F62-F11B-5220-C8212C3362F7}.Release|Any CPU.ActiveCfg = Release|Any CPU
		{A02BB3F0-6F62-F11B-5220-C8212C3362F7}.Release|Any CPU.Build.0 = Release|Any CPU
	EndGlobalSection
	GlobalSection(SolutionProperties) = preSolution
		HideSolutionNode = FALSE
	EndGlobalSection
	GlobalSection(ExtensibilityGlobals) = postSolution
		SolutionGuid = {926B8121-F93C-4260-BDCA-E94E3155B6B6}
	EndGlobalSection
EndGlobal
